
Microsoft Visual Studio Solution File, Format Version 12.00
# Visual Studio Version 17
VisualStudioVersion = 17.0.31903.59
MinimumVisualStudioVersion = 10.0.40219.1
Project("{FAE04EC0-301F-11D3-BF4B-00C04F79EFBC}") = "Work1", "Work1\Work1.csproj", "{6189A633-B206-4B58-891F-D52146F7F4A5}"
EndProject
Project("{FAE04EC0-301F-11D3-BF4B-00C04F79EFBC}") = "Work2", "Work2\Work2.csproj", "{28CF31F9-8720-46B1-A9BE-2D376B7189C9}"
EndProject
Project("{FAE04EC0-301F-11D3-BF4B-00C04F79EFBC}") = "Work3", "Work3\Work3.csproj", "{2D1CD907-88C3-4F59-9CC8-9AE8BC18C96C}"
EndProject
Project("{FAE04EC0-301F-11D3-BF4B-00C04F79EFBC}") = "Work4", "Work4\Work4.csproj", "{F2A264B2-E58C-49AF-806F-F851079C0C04}"
EndProject
Project("{FAE04EC0-301F-11D3-BF4B-00C04F79EFBC}") = "Work5", "Work5\Work5.csproj", "{F71103A9-8851-422F-8581-D3D3A3C85713}"
EndProject
Project("{FAE04EC0-301F-11D3-BF4B-00C04F79EFBC}") = "Work6", "Week6\Work6.csproj", "{DC78773A-AED6-4224-B956-EEE5896A12ED}"
EndProject
Project("{FAE04EC0-301F-11D3-BF4B-00C04F79EFBC}") = "Work7", "Work7\Work7.csproj", "{22F03612-38B6-49D6-9D38-0A413E9A735B}"
EndProject
Project("{FAE04EC0-301F-11D3-BF4B-00C04F79EFBC}") = "Work8", "Work8\Work8.csproj", "{64CC70EF-1C02-4952-ABE3-E0A61A35EBD2}"
EndProject
Project("{FAE04EC0-301F-11D3-BF4B-00C04F79EFBC}") = "Work9", "Work9\Work9.csproj", "{C87C7C23-CAC9-4EEF-A32B-B95DEC490F6C}"
EndProject
Project("{FAE04EC0-301F-11D3-BF4B-00C04F79EFBC}") = "Work10", "Work10\Work10.csproj", "{F8022E31-362C-4657-A1B6-FF35CF98A525}"
EndProject
Project("{FAE04EC0-301F-11D3-BF4B-00C04F79EFBC}") = "Work11", "Work11\Work11.csproj", "{0F775E7D-B234-42D1-A4B3-CDF225405238}"
EndProject
Project("{FAE04EC0-301F-11D3-BF4B-00C04F79EFBC}") = "Work12", "Work12\Work12.csproj", "{4FBFCDA1-4C0C-4E02-A6AA-CC58C4B8E19B}"
EndProject
Project("{FAE04EC0-301F-11D3-BF4B-00C04F79EFBC}") = "Work13", "Work13\Work13.csproj", "{7855CC75-8F1D-4EC2-8A24-E738EBA8CB92}"
EndProject
Project("{FAE04EC0-301F-11D3-BF4B-00C04F79EFBC}") = "Work14", "Work14\Work14.csproj", "{DB9DCF82-F2BD-4DD5-ACEC-2A510D126CDF}"
EndProject
Project("{FAE04EC0-301F-11D3-BF4B-00C04F79EFBC}") = "Work15", "Work15\Work15.csproj", "{6FD2BD7F-AD1C-4866-A16E-755EB4D74AD1}"
EndProject
Project("{FAE04EC0-301F-11D3-BF4B-00C04F79EFBC}") = "Work16", "Work16\Work16.csproj", "{A4777EB6-C24D-429D-A2BB-13C47CAC3904}"
EndProject
Project("{FAE04EC0-301F-11D3-BF4B-00C04F79EFBC}") = "Week17", "Week17\Week17.csproj", "{0CE211FD-241D-401B-890C-A5D7FA538F29}"
EndProject
Project("{FAE04EC0-301F-11D3-BF4B-00C04F79EFBC}") = "Work17", "Work17\Work17.csproj", "{1F10A054-A6BF-469D-88EC-D2E21F92FB99}"
EndProject
Global
	GlobalSection(SolutionConfigurationPlatforms) = preSolution
		Debug|Any CPU = Debug|Any CPU
		Release|Any CPU = Release|Any CPU
	EndGlobalSection
	GlobalSection(ProjectConfigurationPlatforms) = postSolution
		{6189A633-B206-4B58-891F-D52146F7F4A5}.Debug|Any CPU.ActiveCfg = Debug|Any CPU
		{6189A633-B206-4B58-891F-D52146F7F4A5}.Debug|Any CPU.Build.0 = Debug|Any CPU
		{6189A633-B206-4B58-891F-D52146F7F4A5}.Release|Any CPU.ActiveCfg = Release|Any CPU
		{6189A633-B206-4B58-891F-D52146F7F4A5}.Release|Any CPU.Build.0 = Release|Any CPU
		{28CF31F9-8720-46B1-A9BE-2D376B7189C9}.Debug|Any CPU.ActiveCfg = Debug|Any CPU
		{28CF31F9-8720-46B1-A9BE-2D376B7189C9}.Debug|Any CPU.Build.0 = Debug|Any CPU
		{28CF31F9-8720-46B1-A9BE-2D376B7189C9}.Release|Any CPU.ActiveCfg = Release|Any CPU
		{28CF31F9-8720-46B1-A9BE-2D376B7189C9}.Release|Any CPU.Build.0 = Release|Any CPU
		{2D1CD907-88C3-4F59-9CC8-9AE8BC18C96C}.Debug|Any CPU.ActiveCfg = Debug|Any CPU
		{2D1CD907-88C3-4F59-9CC8-9AE8BC18C96C}.Debug|Any CPU.Build.0 = Debug|Any CPU
		{2D1CD907-88C3-4F59-9CC8-9AE8BC18C96C}.Release|Any CPU.ActiveCfg = Release|Any CPU
		{2D1CD907-88C3-4F59-9CC8-9AE8BC18C96C}.Release|Any CPU.Build.0 = Release|Any CPU
		{F2A264B2-E58C-49AF-806F-F851079C0C04}.Debug|Any CPU.ActiveCfg = Debug|Any CPU
		{F2A264B2-E58C-49AF-806F-F851079C0C04}.Debug|Any CPU.Build.0 = Debug|Any CPU
		{F2A264B2-E58C-49AF-806F-F851079C0C04}.Release|Any CPU.ActiveCfg = Release|Any CPU
		{F2A264B2-E58C-49AF-806F-F851079C0C04}.Release|Any CPU.Build.0 = Release|Any CPU
		{F71103A9-8851-422F-8581-D3D3A3C85713}.Debug|Any CPU.ActiveCfg = Debug|Any CPU
		{F71103A9-8851-422F-8581-D3D3A3C85713}.Debug|Any CPU.Build.0 = Debug|Any CPU
		{F71103A9-8851-422F-8581-D3D3A3C85713}.Release|Any CPU.ActiveCfg = Release|Any CPU
		{F71103A9-8851-422F-8581-D3D3A3C85713}.Release|Any CPU.Build.0 = Release|Any CPU
		{DC78773A-AED6-4224-B956-EEE5896A12ED}.Debug|Any CPU.ActiveCfg = Debug|Any CPU
		{DC78773A-AED6-4224-B956-EEE5896A12ED}.Debug|Any CPU.Build.0 = Debug|Any CPU
		{DC78773A-AED6-4224-B956-EEE5896A12ED}.Release|Any CPU.ActiveCfg = Release|Any CPU
		{DC78773A-AED6-4224-B956-EEE5896A12ED}.Release|Any CPU.Build.0 = Release|Any CPU
		{22F03612-38B6-49D6-9D38-0A413E9A735B}.Debug|Any CPU.ActiveCfg = Debug|Any CPU
		{22F03612-38B6-49D6-9D38-0A413E9A735B}.Debug|Any CPU.Build.0 = Debug|Any CPU
		{22F03612-38B6-49D6-9D38-0A413E9A735B}.Release|Any CPU.ActiveCfg = Release|Any CPU
		{22F03612-38B6-49D6-9D38-0A413E9A735B}.Release|Any CPU.Build.0 = Release|Any CPU
		{64CC70EF-1C02-4952-ABE3-E0A61A35EBD2}.Debug|Any CPU.ActiveCfg = Debug|Any CPU
		{64CC70EF-1C02-4952-ABE3-E0A61A35EBD2}.Debug|Any CPU.Build.0 = Debug|Any CPU
		{64CC70EF-1C02-4952-ABE3-E0A61A35EBD2}.Release|Any CPU.ActiveCfg = Release|Any CPU
		{64CC70EF-1C02-4952-ABE3-E0A61A35EBD2}.Release|Any CPU.Build.0 = Release|Any CPU
		{C87C7C23-CAC9-4EEF-A32B-B95DEC490F6C}.Debug|Any CPU.ActiveCfg = Debug|Any CPU
		{C87C7C23-CAC9-4EEF-A32B-B95DEC490F6C}.Debug|Any CPU.Build.0 = Debug|Any CPU
		{C87C7C23-CAC9-4EEF-A32B-B95DEC490F6C}.Release|Any CPU.ActiveCfg = Release|Any CPU
		{C87C7C23-CAC9-4EEF-A32B-B95DEC490F6C}.Release|Any CPU.Build.0 = Release|Any CPU
		{F8022E31-362C-4657-A1B6-FF35CF98A525}.Debug|Any CPU.ActiveCfg = Debug|Any CPU
		{F8022E31-362C-4657-A1B6-FF35CF98A525}.Debug|Any CPU.Build.0 = Debug|Any CPU
		{F8022E31-362C-4657-A1B6-FF35CF98A525}.Release|Any CPU.ActiveCfg = Release|Any CPU
		{F8022E31-362C-4657-A1B6-FF35CF98A525}.Release|Any CPU.Build.0 = Release|Any CPU
		{0F775E7D-B234-42D1-A4B3-CDF225405238}.Debug|Any CPU.ActiveCfg = Debug|Any CPU
		{0F775E7D-B234-42D1-A4B3-CDF225405238}.Debug|Any CPU.Build.0 = Debug|Any CPU
		{0F775E7D-B234-42D1-A4B3-CDF225405238}.Release|Any CPU.ActiveCfg = Release|Any CPU
		{0F775E7D-B234-42D1-A4B3-CDF225405238}.Release|Any CPU.Build.0 = Release|Any CPU
		{4FBFCDA1-4C0C-4E02-A6AA-CC58C4B8E19B}.Debug|Any CPU.ActiveCfg = Debug|Any CPU
		{4FBFCDA1-4C0C-4E02-A6AA-CC58C4B8E19B}.Debug|Any CPU.Build.0 = Debug|Any CPU
		{4FBFCDA1-4C0C-4E02-A6AA-CC58C4B8E19B}.Release|Any CPU.ActiveCfg = Release|Any CPU
		{4FBFCDA1-4C0C-4E02-A6AA-CC58C4B8E19B}.Release|Any CPU.Build.0 = Release|Any CPU
		{7855CC75-8F1D-4EC2-8A24-E738EBA8CB92}.Debug|Any CPU.ActiveCfg = Debug|Any CPU
		{7855CC75-8F1D-4EC2-8A24-E738EBA8CB92}.Debug|Any CPU.Build.0 = Debug|Any CPU
		{7855CC75-8F1D-4EC2-8A24-E738EBA8CB92}.Release|Any CPU.ActiveCfg = Release|Any CPU
		{7855CC75-8F1D-4EC2-8A24-E738EBA8CB92}.Release|Any CPU.Build.0 = Release|Any CPU
		{DB9DCF82-F2BD-4DD5-ACEC-2A510D126CDF}.Debug|Any CPU.ActiveCfg = Debug|Any CPU
		{DB9DCF82-F2BD-4DD5-ACEC-2A510D126CDF}.Debug|Any CPU.Build.0 = Debug|Any CPU
		{DB9DCF82-F2BD-4DD5-ACEC-2A510D126CDF}.Release|Any CPU.ActiveCfg = Release|Any CPU
		{DB9DCF82-F2BD-4DD5-ACEC-2A510D126CDF}.Release|Any CPU.Build.0 = Release|Any CPU
		{6FD2BD7F-AD1C-4866-A16E-755EB4D74AD1}.Debug|Any CPU.ActiveCfg = Debug|Any CPU
		{6FD2BD7F-AD1C-4866-A16E-755EB4D74AD1}.Debug|Any CPU.Build.0 = Debug|Any CPU
		{6FD2BD7F-AD1C-4866-A16E-755EB4D74AD1}.Release|Any CPU.ActiveCfg = Release|Any CPU
		{6FD2BD7F-AD1C-4866-A16E-755EB4D74AD1}.Release|Any CPU.Build.0 = Release|Any CPU
		{A4777EB6-C24D-429D-A2BB-13C47CAC3904}.Debug|Any CPU.ActiveCfg = Debug|Any CPU
		{A4777EB6-C24D-429D-A2BB-13C47CAC3904}.Debug|Any CPU.Build.0 = Debug|Any CPU
		{A4777EB6-C24D-429D-A2BB-13C47CAC3904}.Release|Any CPU.ActiveCfg = Release|Any CPU
		{A4777EB6-C24D-429D-A2BB-13C47CAC3904}.Release|Any CPU.Build.0 = Release|Any CPU
		{0CE211FD-241D-401B-890C-A5D7FA538F29}.Debug|Any CPU.ActiveCfg = Debug|Any CPU
		{0CE211FD-241D-401B-890C-A5D7FA538F29}.Debug|Any CPU.Build.0 = Debug|Any CPU
		{0CE211FD-241D-401B-890C-A5D7FA538F29}.Release|Any CPU.ActiveCfg = Release|Any CPU
		{0CE211FD-241D-401B-890C-A5D7FA538F29}.Release|Any CPU.Build.0 = Release|Any CPU
		{1F10A054-A6BF-469D-88EC-D2E21F92FB99}.Debug|Any CPU.ActiveCfg = Debug|Any CPU
		{1F10A054-A6BF-469D-88EC-D2E21F92FB99}.Debug|Any CPU.Build.0 = Debug|Any CPU
		{1F10A054-A6BF-469D-88EC-D2E21F92FB99}.Release|Any CPU.ActiveCfg = Release|Any CPU
		{1F10A054-A6BF-469D-88EC-D2E21F92FB99}.Release|Any CPU.Build.0 = Release|Any CPU
	EndGlobalSection
	GlobalSection(SolutionProperties) = preSolution
		HideSolutionNode = FALSE
	EndGlobalSection
EndGlobal
